
Microsoft Visual Studio Solution File, Format Version 12.00
# Visual Studio 15
Project("{FAE04EC0-301F-11D3-BF4B-00C04F79EFBC}") = "UnityEngine.UI", "UnityEngine.UI.csproj", "{B6E8E5F5-EFBE-ED05-54BF-C1FA61CF5B6A}"
EndProject
Project("{FAE04EC0-301F-11D3-BF4B-00C04F79EFBC}") = "Assembly-CSharp", "Assembly-CSharp.csproj", "{1FF51FDD-650D-F311-91E2-690E05DE30A4}"
EndProject
Project("{FAE04EC0-301F-11D3-BF4B-00C04F79EFBC}") = "UnityEditor.UI", "UnityEditor.UI.csproj", "{7F2D49CA-E44F-B4CB-FC01-65EAA4554F11}"
EndProject
Global
	GlobalSection(SolutionConfigurationPlatforms) = preSolution
		Debug|Any CPU = Debug|Any CPU
		Release|Any CPU = Release|Any CPU
	EndGlobalSection
	GlobalSection(ProjectConfigurationPlatforms) = postSolution
		{B6E8E5F5-EFBE-ED05-54BF-C1FA61CF5B6A}.Debug|Any CPU.ActiveCfg = Debug|Any CPU
		{B6E8E5F5-EFBE-ED05-54BF-C1FA61CF5B6A}.Debug|Any CPU.Build.0 = Debug|Any CPU
		{B6E8E5F5-EFBE-ED05-54BF-C1FA61CF5B6A}.Release|Any CPU.ActiveCfg = Release|Any CPU
		{B6E8E5F5-EFBE-ED05-54BF-C1FA61CF5B6A}.Release|Any CPU.Build.0 = Release|Any CPU
		{1FF51FDD-650D-F311-91E2-690E05DE30A4}.Debug|Any CPU.ActiveCfg = Debug|Any CPU
		{1FF51FDD-650D-F311-91E2-690E05DE30A4}.Debug|Any CPU.Build.0 = Debug|Any CPU
		{1FF51FDD-650D-F311-91E2-690E05DE30A4}.Release|Any CPU.ActiveCfg = Release|Any CPU
		{1FF51FDD-650D-F311-91E2-690E05DE30A4}.Release|Any CPU.Build.0 = Release|Any CPU
		{7F2D49CA-E44F-B4CB-FC01-65EAA4554F11}.Debug|Any CPU.ActiveCfg = Debug|Any CPU
		{7F2D49CA-E44F-B4CB-FC01-65EAA4554F11}.Debug|Any CPU.Build.0 = Debug|Any CPU
		{7F2D49CA-E44F-B4CB-FC01-65EAA4554F11}.Release|Any CPU.ActiveCfg = Release|Any CPU
		{7F2D49CA-E44F-B4CB-FC01-65EAA4554F11}.Release|Any CPU.Build.0 = Release|Any CPU
	EndGlobalSection
	GlobalSection(SolutionProperties) = preSolution
		HideSolutionNode = FALSE
	EndGlobalSection
EndGlobal
